Microsoft Visual Studio Solution File, Format Version 11.00
# Visual Studio 2008

Project("{87A2E40D-C8F8-AFF7-90BE-65645E710CE7}") = "Milk Man Cometh", "Assembly-CSharp.csproj", "{059ED981-C6CA-2EDF-B2BB-AA009BCEB50C}"
EndProject
Global
	GlobalSection(SolutionConfigurationPlatforms) = preSolution
		Debug|Any CPU = Debug|Any CPU
		Release|Any CPU = Release|Any CPU
	EndGlobalSection
	GlobalSection(ProjectConfigurationPlatforms) = postSolution
		{059ED981-C6CA-2EDF-B2BB-AA009BCEB50C}.Debug|Any CPU.ActiveCfg = Debug|Any CPU
		{059ED981-C6CA-2EDF-B2BB-AA009BCEB50C}.Debug|Any CPU.Build.0 = Debug|Any CPU
		{059ED981-C6CA-2EDF-B2BB-AA009BCEB50C}.Release|Any CPU.ActiveCfg = Release|Any CPU
		{059ED981-C6CA-2EDF-B2BB-AA009BCEB50C}.Release|Any CPU.Build.0 = Release|Any CPU
	EndGlobalSection
	GlobalSection(SolutionProperties) = preSolution
		HideSolutionNode = FALSE
	EndGlobalSection
	GlobalSection(MonoDevelopProperties) = preSolution
		StartupItem = Assembly-CSharp.csproj
	EndGlobalSection
EndGlobal
